<?xml version="1.0" encoding="utf-8"?>
<Project ToolsVersion="4.0" xmlns="http://schemas.microsoft.com/developer/msbuild/2003">
  <ItemGroup>
    <Filter Include="소스 파일">
      <UniqueIdentifier>{4FC737F1-C7A5-4376-A066-2A32D752A2FF}</UniqueIdentifier>
      <Extensions>cpp;c;cc;cxx;c++;cppm;ixx;def;odl;idl;hpj;bat;asm;asmx</Extensions>
    </Filter>
    <Filter Include="헤더 파일">
      <UniqueIdentifier>{93995380-89BD-4b04-88EB-625FBE52EBFB}</UniqueIdentifier>
      <Extensions>h;hh;hpp;hxx;h++;hm;inl;inc;ipp;xsd</Extensions>
    </Filter>
    <Filter Include="리소스 파일">
      <UniqueIdentifier>{67DA6AB6-F800-4c08-8B7A-83BB121AAD01}</UniqueIdentifier>
      <Extensions>rc;ico;cur;bmp;dlg;rc2;rct;bin;rgs;gif;jpg;jpeg;jpe;resx;tiff;tif;png;wav;mfcribbon-ms</Extensions>
    </Filter>
    <Filter Include="소스 파일\Game">
      <UniqueIdentifier>{1ee6f259-9a30-48ee-9d3d-75ae81e7906a}</UniqueIdentifier>
    </Filter>
    <Filter Include="소스 파일\Header">
      <UniqueIdentifier>{b9f781c0-c2a5-4522-9cad-b4f03ffc07d5}</UniqueIdentifier>
    </Filter>
    <Filter Include="소스 파일\Manager">
      <UniqueIdentifier>{6645a9f4-1f05-4d6f-a37f-3e2b71df0f24}</UniqueIdentifier>
    </Filter>
    <Filter Include="소스 파일\Manager\SceneManager">
      <UniqueIdentifier>{d84e808a-60a3-45d2-9b91-a1ed33a5fe36}</UniqueIdentifier>
    </Filter>
    <Filter Include="소스 파일\Scene">
      <UniqueIdentifier>{35bc6ae4-11ab-4a12-a197-cf9d8c593aec}</UniqueIdentifier>
    </Filter>
    <Filter Include="소스 파일\Resource">
      <UniqueIdentifier>{ea591e80-c3bb-452b-a11b-50850e64e2f7}</UniqueIdentifier>
    </Filter>
    <Filter Include="소스 파일\Resource\Texture">
      <UniqueIdentifier>{1e5bc47d-0f2a-4af0-885b-91af6e5606d3}</UniqueIdentifier>
    </Filter>
    <Filter Include="소스 파일\Manager\ResourceManager">
      <UniqueIdentifier>{9ab86797-daee-4e54-84ac-f6511f0f3093}</UniqueIdentifier>
    </Filter>
    <Filter Include="소스 파일\Manager\PathManager">
      <UniqueIdentifier>{200ea23a-c15d-4d2a-ad3c-431be8a85f68}</UniqueIdentifier>
    </Filter>
  </ItemGroup>
  <ItemGroup>
    <ClInclude Include="framework.h">
      <Filter>헤더 파일</Filter>
    </ClInclude>
    <ClInclude Include="targetver.h">
      <Filter>헤더 파일</Filter>
    </ClInclude>
    <ClInclude Include="Resource.h">
      <Filter>헤더 파일</Filter>
    </ClInclude>
    <ClInclude Include="HollowKnight.h">
      <Filter>헤더 파일</Filter>
    </ClInclude>
    <ClInclude Include="CGame.h">
      <Filter>소스 파일\Game</Filter>
    </ClInclude>
    <ClInclude Include="pch.h">
      <Filter>헤더 파일</Filter>
    </ClInclude>
    <ClInclude Include="define.h">
      <Filter>소스 파일\Header</Filter>
    </ClInclude>
    <ClInclude Include="SceneManager.h">
      <Filter>소스 파일\Manager\SceneManager</Filter>
    </ClInclude>
    <ClInclude Include="CScene.h">
      <Filter>소스 파일\Scene</Filter>
    </ClInclude>
    <ClInclude Include="CMenuScene.h">
      <Filter>소스 파일\Scene</Filter>
    </ClInclude>
    <ClInclude Include="CResource.h">
      <Filter>소스 파일\Resource</Filter>
    </ClInclude>
    <ClInclude Include="CTexture.h">
      <Filter>소스 파일\Resource\Texture</Filter>
    </ClInclude>
    <ClInclude Include="ResourceManager.h">
      <Filter>소스 파일\Manager\ResourceManager</Filter>
    </ClInclude>
    <ClInclude Include="CPathManager.h">
      <Filter>소스 파일\Manager\PathManager</Filter>
    </ClInclude>
    <ClInclude Include="flags.h">
      <Filter>소스 파일\Header</Filter>
    </ClInclude>
    <ClInclude Include="CStartScene.h">
      <Filter>소스 파일\Scene</Filter>
    </ClInclude>
  </ItemGroup>
  <ItemGroup>
    <ClCompile Include="HollowKnight.cpp">
      <Filter>소스 파일</Filter>
    </ClCompile>
    <ClCompile Include="CGame.cpp">
      <Filter>소스 파일\Game</Filter>
    </ClCompile>
    <ClCompile Include="SceneManager.cpp">
      <Filter>소스 파일\Manager\SceneManager</Filter>
    </ClCompile>
    <ClCompile Include="CScene.cpp">
      <Filter>소스 파일\Scene</Filter>
    </ClCompile>
    <ClCompile Include="CMenuScene.cpp">
      <Filter>소스 파일\Scene</Filter>
    </ClCompile>
    <ClCompile Include="CResource.cpp">
      <Filter>소스 파일\Resource</Filter>
    </ClCompile>
    <ClCompile Include="CTexture.cpp">
      <Filter>소스 파일\Resource\Texture</Filter>
    </ClCompile>
    <ClCompile Include="ResourceManager.cpp">
      <Filter>소스 파일\Manager\ResourceManager</Filter>
    </ClCompile>
    <ClCompile Include="CPathManager.cpp">
      <Filter>소스 파일\Manager\PathManager</Filter>
    </ClCompile>
    <ClCompile Include="CStartScene.cpp">
      <Filter>소스 파일\Scene</Filter>
    </ClCompile>
  </ItemGroup>
  <ItemGroup>
    <ResourceCompile Include="HollowKnight.rc">
      <Filter>리소스 파일</Filter>
    </ResourceCompile>
  </ItemGroup>
  <ItemGroup>
    <Image Include="HollowKnight.ico">
      <Filter>리소스 파일</Filter>
    </Image>
    <Image Include="icon1.ico">
      <Filter>리소스 파일</Filter>
    </Image>
    <Image Include="..\..\..\Icon.ico">
      <Filter>리소스 파일</Filter>
    </Image>
  </ItemGroup>
</Project>